{
  "nodes": {
    "aws-lambda-web-adapter-src": {
      "flake": false,
      "locked": {
        "lastModified": 1736499599,
        "narHash": "sha256-GAdF2c9P96tTiYkX6yk5sGeBDtwLCZrkNxv5IWFfwGg=",
        "owner": "awslabs",
        "repo": "aws-lambda-web-adapter",
        "rev": "ab8abdd1a906bec16f53e0b856f5e2077fc7c907",
        "type": "github"
      },
      "original": {
        "owner": "awslabs",
        "ref": "v0.9.0",
        "repo": "aws-lambda-web-adapter",
        "type": "github"
      }
    },
    "fenix": {
      "inputs": {
        "nixpkgs": [
          "nixpkgs"
        ],
        "rust-analyzer-src": "rust-analyzer-src"
      },
      "locked": {
        "lastModified": 1740206139,
        "narHash": "sha256-wWSv4KYhPKggKuJLzghfBs99pS3Kli9UBlyXVBzuIzc=",
        "owner": "nix-community",
        "repo": "fenix",
        "rev": "133a9eb59fb4ddac443ebe5ab2449d3940396533",
        "type": "github"
      },
      "original": {
        "owner": "nix-community",
        "repo": "fenix",
        "type": "github"
      }
    },
    "naersk": {
      "inputs": {
        "nixpkgs": [
          "nixpkgs"
        ]
      },
      "locked": {
        "lastModified": 1739824009,
        "narHash": "sha256-fcNrCMUWVLMG3gKC5M9CBqVOAnJtyRvGPxptQFl5mVg=",
        "owner": "nix-community",
        "repo": "naersk",
        "rev": "e5130d37369bfa600144c2424270c96f0ef0e11d",
        "type": "github"
      },
      "original": {
        "owner": "nix-community",
        "repo": "naersk",
        "type": "github"
      }
    },
    "nixpkgs": {
      "locked": {
        "lastModified": 1739866667,
        "narHash": "sha256-EO1ygNKZlsAC9avfcwHkKGMsmipUk1Uc0TbrEZpkn64=",
        "owner": "NixOS",
        "repo": "nixpkgs",
        "rev": "73cf49b8ad837ade2de76f87eb53fc85ed5d4680",
        "type": "github"
      },
      "original": {
        "owner": "NixOS",
        "ref": "nixos-unstable",
        "repo": "nixpkgs",
        "type": "github"
      }
    },
    "root": {
      "inputs": {
        "aws-lambda-web-adapter-src": "aws-lambda-web-adapter-src",
        "fenix": "fenix",
        "naersk": "naersk",
        "nixpkgs": "nixpkgs"
      }
    },
    "rust-analyzer-src": {
      "flake": false,
      "locked": {
        "lastModified": 1740077634,
        "narHash": "sha256-KlYdDhon/hy91NutuBeN8e3qTKf3FXgsudWsjnHud68=",
        "owner": "rust-lang",
        "repo": "rust-analyzer",
        "rev": "88fbdcd510e79ef3bcd81d6d9d4f07bdce84be8c",
        "type": "github"
      },
      "original": {
        "owner": "rust-lang",
        "ref": "nightly",
        "repo": "rust-analyzer",
        "type": "github"
      }
    }
  },
  "root": "root",
  "version": 7
}
